
Microsoft Visual Studio Solution File, Format Version 12.00
# Visual Studio Version 16
VisualStudioVersion = 16.0.30709.64
MinimumVisualStudioVersion = 10.0.40219.1
Project("{9A19103F-16F7-4668-BE54-9A1E7A4F7556}") = "BackupConsole", "BackupConsole\BackupConsole.csproj", "{1D6D0186-7838-416A-AAAB-2677D556A70F}"
EndProject
Project("{9A19103F-16F7-4668-BE54-9A1E7A4F7556}") = "Core", "Core\Core.csproj", "{01536E80-406C-4D60-B22B-95FD8A058A24}"
EndProject
Project("{9A19103F-16F7-4668-BE54-9A1E7A4F7556}") = "BackupToHtmlConsole", "BackupToHtmlConsole\BackupToHtmlConsole.csproj", "{20FE255D-CAE4-4ED3-AA71-2BC308E85A34}"
EndProject
Global
	GlobalSection(SolutionConfigurationPlatforms) = preSolution
		Debug|Any CPU = Debug|Any CPU
		Release|Any CPU = Release|Any CPU
	EndGlobalSection
	GlobalSection(ProjectConfigurationPlatforms) = postSolution
		{1D6D0186-7838-416A-AAAB-2677D556A70F}.Debug|Any CPU.ActiveCfg = Debug|Any CPU
		{1D6D0186-7838-416A-AAAB-2677D556A70F}.Debug|Any CPU.Build.0 = Debug|Any CPU
		{1D6D0186-7838-416A-AAAB-2677D556A70F}.Release|Any CPU.ActiveCfg = Release|Any CPU
		{1D6D0186-7838-416A-AAAB-2677D556A70F}.Release|Any CPU.Build.0 = Release|Any CPU
		{01536E80-406C-4D60-B22B-95FD8A058A24}.Debug|Any CPU.ActiveCfg = Debug|Any CPU
		{01536E80-406C-4D60-B22B-95FD8A058A24}.Debug|Any CPU.Build.0 = Debug|Any CPU
		{01536E80-406C-4D60-B22B-95FD8A058A24}.Release|Any CPU.ActiveCfg = Release|Any CPU
		{01536E80-406C-4D60-B22B-95FD8A058A24}.Release|Any CPU.Build.0 = Release|Any CPU
		{20FE255D-CAE4-4ED3-AA71-2BC308E85A34}.Debug|Any CPU.ActiveCfg = Debug|Any CPU
		{20FE255D-CAE4-4ED3-AA71-2BC308E85A34}.Debug|Any CPU.Build.0 = Debug|Any CPU
		{20FE255D-CAE4-4ED3-AA71-2BC308E85A34}.Release|Any CPU.ActiveCfg = Release|Any CPU
		{20FE255D-CAE4-4ED3-AA71-2BC308E85A34}.Release|Any CPU.Build.0 = Release|Any CPU
	EndGlobalSection
	GlobalSection(SolutionProperties) = preSolution
		HideSolutionNode = FALSE
	EndGlobalSection
	GlobalSection(ExtensibilityGlobals) = postSolution
		SolutionGuid = {BE15AB00-9A95-40BB-8A80-FF6697B0F7D5}
	EndGlobalSection
EndGlobal
